// !$*UTF8*$!
{
	archiveVersion = 1;
	classes = {
	};
	objectVersion = 46;
	objects = {

/* Begin PBXBuildFile section */
		3A2DB25C19CD7A5800BAED5D /* Foundation.framework in Frameworks */ = {isa = PBXBuildFile; fileRef = 3A2DB25B19CD7A5800BAED5D /* Foundation.framework */; };
		3A2DB25E19CD7A5800BAED5D /* CoreGraphics.framework in Frameworks */ = {isa = PBXBuildFile; fileRef = 3A2DB25D19CD7A5800BAED5D /* CoreGraphics.framework */; };
		3A2DB26019CD7A5800BAED5D /* UIKit.framework in Frameworks */ = {isa = PBXBuildFile; fileRef = 3A2DB25F19CD7A5800BAED5D /* UIKit.framework */; };
		3A2DB26619CD7A5800BAED5D /* InfoPlist.strings in Resources */ = {isa = PBXBuildFile; fileRef = 3A2DB26419CD7A5800BAED5D /* InfoPlist.strings */; };
		3A2DB26819CD7A5800BAED5D /* main.m in Sources */ = {isa = PBXBuildFile; fileRef = 3A2DB26719CD7A5800BAED5D /* main.m */; };
		3A2DB26C19CD7A5800BAED5D /* AppDelegate.m in Sources */ = {isa = PBXBuildFile; fileRef = 3A2DB26B19CD7A5800BAED5D /* AppDelegate.m */; };
		3A2DB26F19CD7A5800BAED5D /* Main.storyboard in Resources */ = {isa = PBXBuildFile; fileRef = 3A2DB26D19CD7A5800BAED5D /* Main.storyboard */; };
		3A2DB27219CD7A5800BAED5D /* HomeViewController.m in Sources */ = {isa = PBXBuildFile; fileRef = 3A2DB27119CD7A5800BAED5D /* HomeViewController.m */; };
		3A2DB27419CD7A5800BAED5D /* Images.xcassets in Resources */ = {isa = PBXBuildFile; fileRef = 3A2DB27319CD7A5800BAED5D /* Images.xcassets */; };
		3A2DB27B19CD7A5800BAED5D /* XCTest.framework in Frameworks */ = {isa = PBXBuildFile; fileRef = 3A2DB27A19CD7A5800BAED5D /* XCTest.framework */; };
		3A2DB27C19CD7A5800BAED5D /* Foundation.framework in Frameworks */ = {isa = PBXBuildFile; fileRef = 3A2DB25B19CD7A5800BAED5D /* Foundation.framework */; };
		3A2DB27D19CD7A5800BAED5D /* UIKit.framework in Frameworks */ = {isa = PBXBuildFile; fileRef = 3A2DB25F19CD7A5800BAED5D /* UIKit.framework */; };
		3A2DB28519CD7A5800BAED5D /* InfoPlist.strings in Resources */ = {isa = PBXBuildFile; fileRef = 3A2DB28319CD7A5800BAED5D /* InfoPlist.strings */; };
		3A2DB28719CD7A5800BAED5D /* RestaurantTonightiPhoneAppTests.m in Sources */ = {isa = PBXBuildFile; fileRef = 3A2DB28619CD7A5800BAED5D /* RestaurantTonightiPhoneAppTests.m */; };
		3A2DB29219CD82A600BAED5D /* GoogleAutoCompleteViewController.m in Sources */ = {isa = PBXBuildFile; fileRef = 3A2DB29119CD82A600BAED5D /* GoogleAutoCompleteViewController.m */; };
		3A2DB29819CDB83B00BAED5D /* ItemListViewController.m in Sources */ = {isa = PBXBuildFile; fileRef = 3A2DB29719CDB83B00BAED5D /* ItemListViewController.m */; };
		3A2DB29D19CDC78900BAED5D /* DealTableViewCell.m in Sources */ = {isa = PBXBuildFile; fileRef = 3A2DB29B19CDC78900BAED5D /* DealTableViewCell.m */; };
		3A2DB29E19CDC78900BAED5D /* DealTableViewCell.xib in Resources */ = {isa = PBXBuildFile; fileRef = 3A2DB29C19CDC78900BAED5D /* DealTableViewCell.xib */; };
		3A2DB2A119CDFE6700BAED5D /* SaveDetailsViewController.m in Sources */ = {isa = PBXBuildFile; fileRef = 3A2DB2A019CDFE6700BAED5D /* SaveDetailsViewController.m */; };
		3A2DB2AC19CE3AA100BAED5D /* ReservationsViewController.m in Sources */ = {isa = PBXBuildFile; fileRef = 3A2DB2AB19CE3AA100BAED5D /* ReservationsViewController.m */; };
		3A2DB2B319CE3D2C00BAED5D /* ReservationsTableViewCell.m in Sources */ = {isa = PBXBuildFile; fileRef = 3A2DB2B119CE3D2C00BAED5D /* ReservationsTableViewCell.m */; };
		3A2DB2B419CE3D2C00BAED5D /* ReservationsTableViewCell.xib in Resources */ = {isa = PBXBuildFile; fileRef = 3A2DB2B219CE3D2C00BAED5D /* ReservationsTableViewCell.xib */; };
		3A2DB2B719CE951D00BAED5D /* SideMenuViewController.m in Sources */ = {isa = PBXBuildFile; fileRef = 3A2DB2B619CE951D00BAED5D /* SideMenuViewController.m */; };
		EDDB7A6EA582444DBE918541 /* libPods-RestaurantTonightiPhoneApp.a in Frameworks */ = {isa = PBXBuildFile; fileRef = DBD1096EEFC34AC9BED4D065 /* libPods-RestaurantTonightiPhoneApp.a */; };
/* End PBXBuildFile section */

/* Begin PBXContainerItemProxy section */
		3A2DB27E19CD7A5800BAED5D /* PBXContainerItemProxy */ = {
			isa = PBXContainerItemProxy;
			containerPortal = 3A2DB25019CD7A5800BAED5D /* Project object */;
			proxyType = 1;
			remoteGlobalIDString = 3A2DB25719CD7A5800BAED5D;
			remoteInfo = RestaurantTonightiPhoneApp;
		};
/* End PBXContainerItemProxy section */

/* Begin PBXFileReference section */
		3A2DB25819CD7A5800BAED5D /* RestaurantTonightiPhoneApp.app */ = {isa = PBXFileReference; explicitFileType = wrapper.application; includeInIndex = 0; path = RestaurantTonightiPhoneApp.app; sourceTree = BUILT_PRODUCTS_DIR; };
		3A2DB25B19CD7A5800BAED5D /* Foundation.framework */ = {isa = PBXFileReference; lastKnownFileType = wrapper.framework; name = Foundation.framework; path = System/Library/Frameworks/Foundation.framework; sourceTree = SDKROOT; };
		3A2DB25D19CD7A5800BAED5D /* CoreGraphics.framework */ = {isa = PBXFileReference; lastKnownFileType = wrapper.framework; name = CoreGraphics.framework; path = System/Library/Frameworks/CoreGraphics.framework; sourceTree = SDKROOT; };
		3A2DB25F19CD7A5800BAED5D /* UIKit.framework */ = {isa = PBXFileReference; lastKnownFileType = wrapper.framework; name = UIKit.framework; path = System/Library/Frameworks/UIKit.framework; sourceTree = SDKROOT; };
		3A2DB26319CD7A5800BAED5D /* RestaurantTonightiPhoneApp-Info.plist */ = {isa = PBXFileReference; lastKnownFileType = text.plist.xml; path = "RestaurantTonightiPhoneApp-Info.plist"; sourceTree = "<group>"; };
		3A2DB26519CD7A5800BAED5D /* en */ = {isa = PBXFileReference; lastKnownFileType = text.plist.strings; name = en; path = en.lproj/InfoPlist.strings; sourceTree = "<group>"; };
		3A2DB26719CD7A5800BAED5D /* main.m */ = {isa = PBXFileReference; lastKnownFileType = sourcecode.c.objc; path = main.m; sourceTree = "<group>"; };
		3A2DB26919CD7A5800BAED5D /* RestaurantTonightiPhoneApp-Prefix.pch */ = {isa = PBXFileReference; lastKnownFileType = sourcecode.c.h; path = "RestaurantTonightiPhoneApp-Prefix.pch"; sourceTree = "<group>"; };
		3A2DB26A19CD7A5800BAED5D /* AppDelegate.h */ = {isa = PBXFileReference; lastKnownFileType = sourcecode.c.h; path = AppDelegate.h; sourceTree = "<group>"; };
		3A2DB26B19CD7A5800BAED5D /* AppDelegate.m */ = {isa = PBXFileReference; lastKnownFileType = sourcecode.c.objc; path = AppDelegate.m; sourceTree = "<group>"; };
		3A2DB26E19CD7A5800BAED5D /* Base */ = {isa = PBXFileReference; lastKnownFileType = file.storyboard; name = Base; path = Base.lproj/Main.storyboard; sourceTree = "<group>"; };
		3A2DB27019CD7A5800BAED5D /* HomeViewController.h */ = {isa = PBXFileReference; lastKnownFileType = sourcecode.c.h; path = HomeViewController.h; sourceTree = "<group>"; };
		3A2DB27119CD7A5800BAED5D /* HomeViewController.m */ = {isa = PBXFileReference; lastKnownFileType = sourcecode.c.objc; path = HomeViewController.m; sourceTree = "<group>"; };
		3A2DB27319CD7A5800BAED5D /* Images.xcassets */ = {isa = PBXFileReference; lastKnownFileType = folder.assetcatalog; path = Images.xcassets; sourceTree = "<group>"; };
		3A2DB27919CD7A5800BAED5D /* RestaurantTonightiPhoneAppTests.xctest */ = {isa = PBXFileReference; explicitFileType = wrapper.cfbundle; includeInIndex = 0; path = RestaurantTonightiPhoneAppTests.xctest; sourceTree = BUILT_PRODUCTS_DIR; };
		3A2DB27A19CD7A5800BAED5D /* XCTest.framework */ = {isa = PBXFileReference; lastKnownFileType = wrapper.framework; name = XCTest.framework; path = Library/Frameworks/XCTest.framework; sourceTree = DEVELOPER_DIR; };
		3A2DB28219CD7A5800BAED5D /* RestaurantTonightiPhoneAppTests-Info.plist */ = {isa = PBXFileReference; lastKnownFileType = text.plist.xml; path = "RestaurantTonightiPhoneAppTests-Info.plist"; sourceTree = "<group>"; };
		3A2DB28419CD7A5800BAED5D /* en */ = {isa = PBXFileReference; lastKnownFileType = text.plist.strings; name = en; path = en.lproj/InfoPlist.strings; sourceTree = "<group>"; };
		3A2DB28619CD7A5800BAED5D /* RestaurantTonightiPhoneAppTests.m */ = {isa = PBXFileReference; lastKnownFileType = sourcecode.c.objc; path = RestaurantTonightiPhoneAppTests.m; sourceTree = "<group>"; };
		3A2DB29019CD82A600BAED5D /* GoogleAutoCompleteViewController.h */ = {isa = PBXFileReference; fileEncoding = 4; lastKnownFileType = sourcecode.c.h; path = GoogleAutoCompleteViewController.h; sourceTree = "<group>"; };
		3A2DB29119CD82A600BAED5D /* GoogleAutoCompleteViewController.m */ = {isa = PBXFileReference; fileEncoding = 4; lastKnownFileType = sourcecode.c.objc; path = GoogleAutoCompleteViewController.m; sourceTree = "<group>"; };
		3A2DB29619CDB83B00BAED5D /* ItemListViewController.h */ = {isa = PBXFileReference; fileEncoding = 4; lastKnownFileType = sourcecode.c.h; path = ItemListViewController.h; sourceTree = "<group>"; };
		3A2DB29719CDB83B00BAED5D /* ItemListViewController.m */ = {isa = PBXFileReference; fileEncoding = 4; lastKnownFileType = sourcecode.c.objc; path = ItemListViewController.m; sourceTree = "<group>"; };
		3A2DB29A19CDC78900BAED5D /* DealTableViewCell.h */ = {isa = PBXFileReference; fileEncoding = 4; lastKnownFileType = sourcecode.c.h; path = DealTableViewCell.h; sourceTree = "<group>"; };
		3A2DB29B19CDC78900BAED5D /* DealTableViewCell.m */ = {isa = PBXFileReference; fileEncoding = 4; lastKnownFileType = sourcecode.c.objc; path = DealTableViewCell.m; sourceTree = "<group>"; };
		3A2DB29C19CDC78900BAED5D /* DealTableViewCell.xib */ = {isa = PBXFileReference; fileEncoding = 4; lastKnownFileType = file.xib; path = DealTableViewCell.xib; sourceTree = "<group>"; };
		3A2DB29F19CDFE6700BAED5D /* SaveDetailsViewController.h */ = {isa = PBXFileReference; fileEncoding = 4; lastKnownFileType = sourcecode.c.h; name = SaveDetailsViewController.h; path = ../SaveDetailsViewController.h; sourceTree = "<group>"; };
		3A2DB2A019CDFE6700BAED5D /* SaveDetailsViewController.m */ = {isa = PBXFileReference; fileEncoding = 4; lastKnownFileType = sourcecode.c.objc; name = SaveDetailsViewController.m; path = ../SaveDetailsViewController.m; sourceTree = "<group>"; };
		3A2DB2AA19CE3AA100BAED5D /* ReservationsViewController.h */ = {isa = PBXFileReference; fileEncoding = 4; lastKnownFileType = sourcecode.c.h; path = ReservationsViewController.h; sourceTree = "<group>"; };
		3A2DB2AB19CE3AA100BAED5D /* ReservationsViewController.m */ = {isa = PBXFileReference; fileEncoding = 4; lastKnownFileType = sourcecode.c.objc; path = ReservationsViewController.m; sourceTree = "<group>"; };
		3A2DB2B019CE3D2C00BAED5D /* ReservationsTableViewCell.h */ = {isa = PBXFileReference; fileEncoding = 4; lastKnownFileType = sourcecode.c.h; path = ReservationsTableViewCell.h; sourceTree = "<group>"; };
		3A2DB2B119CE3D2C00BAED5D /* ReservationsTableViewCell.m */ = {isa = PBXFileReference; fileEncoding = 4; lastKnownFileType = sourcecode.c.objc; path = ReservationsTableViewCell.m; sourceTree = "<group>"; };
		3A2DB2B219CE3D2C00BAED5D /* ReservationsTableViewCell.xib */ = {isa = PBXFileReference; fileEncoding = 4; lastKnownFileType = file.xib; path = ReservationsTableViewCell.xib; sourceTree = "<group>"; };
		3A2DB2B519CE951D00BAED5D /* SideMenuViewController.h */ = {isa = PBXFileReference; fileEncoding = 4; lastKnownFileType = sourcecode.c.h; path = SideMenuViewController.h; sourceTree = "<group>"; };
		3A2DB2B619CE951D00BAED5D /* SideMenuViewController.m */ = {isa = PBXFileReference; fileEncoding = 4; lastKnownFileType = sourcecode.c.objc; path = SideMenuViewController.m; sourceTree = "<group>"; };
		7C0D79AD705B4236B6D59643 /* Pods-RestaurantTonightiPhoneApp.xcconfig */ = {isa = PBXFileReference; includeInIndex = 1; lastKnownFileType = text.xcconfig; name = "Pods-RestaurantTonightiPhoneApp.xcconfig"; path = "Pods/Pods-RestaurantTonightiPhoneApp.xcconfig"; sourceTree = "<group>"; };
		DBD1096EEFC34AC9BED4D065 /* libPods-RestaurantTonightiPhoneApp.a */ = {isa = PBXFileReference; explicitFileType = archive.ar; includeInIndex = 0; path = "libPods-RestaurantTonightiPhoneApp.a"; sourceTree = BUILT_PRODUCTS_DIR; };
/* End PBXFileReference section */

/* Begin PBXFrameworksBuildPhase section */
		3A2DB25519CD7A5800BAED5D /* Frameworks */ = {
			isa = PBXFrameworksBuildPhase;
			buildActionMask = 2147483647;
			files = (
				3A2DB25E19CD7A5800BAED5D /* CoreGraphics.framework in Frameworks */,
				3A2DB26019CD7A5800BAED5D /* UIKit.framework in Frameworks */,
				3A2DB25C19CD7A5800BAED5D /* Foundation.framework in Frameworks */,
				EDDB7A6EA582444DBE918541 /* libPods-RestaurantTonightiPhoneApp.a in Frameworks */,
			);
			runOnlyForDeploymentPostprocessing = 0;
		};
		3A2DB27619CD7A5800BAED5D /* Frameworks */ = {
			isa = PBXFrameworksBuildPhase;
			buildActionMask = 2147483647;
			files = (
				3A2DB27B19CD7A5800BAED5D /* XCTest.framework in Frameworks */,
				3A2DB27D19CD7A5800BAED5D /* UIKit.framework in Frameworks */,
				3A2DB27C19CD7A5800BAED5D /* Foundation.framework in Frameworks */,
			);
			runOnlyForDeploymentPostprocessing = 0;
		};
/* End PBXFrameworksBuildPhase section */

/* Begin PBXGroup section */
		3A2DB24F19CD7A5800BAED5D = {
			isa = PBXGroup;
			children = (
				3A2DB26119CD7A5800BAED5D /* RestaurantTonightiPhoneApp */,
				3A2DB28019CD7A5800BAED5D /* RestaurantTonightiPhoneAppTests */,
				3A2DB25A19CD7A5800BAED5D /* Frameworks */,
				3A2DB25919CD7A5800BAED5D /* Products */,
				7C0D79AD705B4236B6D59643 /* Pods-RestaurantTonightiPhoneApp.xcconfig */,
			);
			sourceTree = "<group>";
		};
		3A2DB25919CD7A5800BAED5D /* Products */ = {
			isa = PBXGroup;
			children = (
				3A2DB25819CD7A5800BAED5D /* RestaurantTonightiPhoneApp.app */,
				3A2DB27919CD7A5800BAED5D /* RestaurantTonightiPhoneAppTests.xctest */,
			);
			name = Products;
			sourceTree = "<group>";
		};
		3A2DB25A19CD7A5800BAED5D /* Frameworks */ = {
			isa = PBXGroup;
			children = (
				3A2DB25B19CD7A5800BAED5D /* Foundation.framework */,
				3A2DB25D19CD7A5800BAED5D /* CoreGraphics.framework */,
				3A2DB25F19CD7A5800BAED5D /* UIKit.framework */,
				3A2DB27A19CD7A5800BAED5D /* XCTest.framework */,
				DBD1096EEFC34AC9BED4D065 /* libPods-RestaurantTonightiPhoneApp.a */,
			);
			name = Frameworks;
			sourceTree = "<group>";
		};
		3A2DB26119CD7A5800BAED5D /* RestaurantTonightiPhoneApp */ = {
			isa = PBXGroup;
			children = (
				3A2DB29919CDC6F900BAED5D /* SubViews */,
				3A2DB29019CD82A600BAED5D /* GoogleAutoCompleteViewController.h */,
				3A2DB29119CD82A600BAED5D /* GoogleAutoCompleteViewController.m */,
				3A2DB29619CDB83B00BAED5D /* ItemListViewController.h */,
				3A2DB29719CDB83B00BAED5D /* ItemListViewController.m */,
				3A2DB26A19CD7A5800BAED5D /* AppDelegate.h */,
				3A2DB26B19CD7A5800BAED5D /* AppDelegate.m */,
				3A2DB26D19CD7A5800BAED5D /* Main.storyboard */,
				3A2DB27019CD7A5800BAED5D /* HomeViewController.h */,
				3A2DB27119CD7A5800BAED5D /* HomeViewController.m */,
				3A2DB29F19CDFE6700BAED5D /* SaveDetailsViewController.h */,
				3A2DB2A019CDFE6700BAED5D /* SaveDetailsViewController.m */,
				3A2DB2AA19CE3AA100BAED5D /* ReservationsViewController.h */,
				3A2DB2AB19CE3AA100BAED5D /* ReservationsViewController.m */,
				3A2DB2B519CE951D00BAED5D /* SideMenuViewController.h */,
				3A2DB2B619CE951D00BAED5D /* SideMenuViewController.m */,
				3A2DB27319CD7A5800BAED5D /* Images.xcassets */,
				3A2DB26219CD7A5800BAED5D /* Supporting Files */,
			);
			path = RestaurantTonightiPhoneApp;
			sourceTree = "<group>";
		};
		3A2DB26219CD7A5800BAED5D /* Supporting Files */ = {
			isa = PBXGroup;
			children = (
				3A2DB26319CD7A5800BAED5D /* RestaurantTonightiPhoneApp-Info.plist */,
				3A2DB26419CD7A5800BAED5D /* InfoPlist.strings */,
				3A2DB26719CD7A5800BAED5D /* main.m */,
				3A2DB26919CD7A5800BAED5D /* RestaurantTonightiPhoneApp-Prefix.pch */,
			);
			name = "Supporting Files";
			sourceTree = "<group>";
		};
		3A2DB28019CD7A5800BAED5D /* RestaurantTonightiPhoneAppTests */ = {
			isa = PBXGroup;
			children = (
				3A2DB28619CD7A5800BAED5D /* RestaurantTonightiPhoneAppTests.m */,
				3A2DB28119CD7A5800BAED5D /* Supporting Files */,
			);
			path = RestaurantTonightiPhoneAppTests;
			sourceTree = "<group>";
		};
		3A2DB28119CD7A5800BAED5D /* Supporting Files */ = {
			isa = PBXGroup;
			children = (
				3A2DB28219CD7A5800BAED5D /* RestaurantTonightiPhoneAppTests-Info.plist */,
				3A2DB28319CD7A5800BAED5D /* InfoPlist.strings */,
			);
			name = "Supporting Files";
			sourceTree = "<group>";
		};
		3A2DB29919CDC6F900BAED5D /* SubViews */ = {
			isa = PBXGroup;
			children = (
				3A2DB29A19CDC78900BAED5D /* DealTableViewCell.h */,
				3A2DB29B19CDC78900BAED5D /* DealTableViewCell.m */,
				3A2DB29C19CDC78900BAED5D /* DealTableViewCell.xib */,
				3A2DB2B019CE3D2C00BAED5D /* ReservationsTableViewCell.h */,
				3A2DB2B119CE3D2C00BAED5D /* ReservationsTableViewCell.m */,
				3A2DB2B219CE3D2C00BAED5D /* ReservationsTableViewCell.xib */,
			);
			name = SubViews;
			sourceTree = "<group>";
		};
/* End PBXGroup section */

/* Begin PBXNativeTarget section */
		3A2DB25719CD7A5800BAED5D /* RestaurantTonightiPhoneApp */ = {
			isa = PBXNativeTarget;
			buildConfigurationList = 3A2DB28A19CD7A5800BAED5D /* Build configuration list for PBXNativeTarget "RestaurantTonightiPhoneApp" */;
			buildPhases = (
				8CA648EBB2FC4FE5A462F838 /* Check Pods Manifest.lock */,
				3A2DB25419CD7A5800BAED5D /* Sources */,
				3A2DB25519CD7A5800BAED5D /* Frameworks */,
				3A2DB25619CD7A5800BAED5D /* Resources */,
				4534EA1DB0D54024B007C853 /* Copy Pods Resources */,
			);
			buildRules = (
			);
			dependencies = (
			);
			name = RestaurantTonightiPhoneApp;
			productName = RestaurantTonightiPhoneApp;
			productReference = 3A2DB25819CD7A5800BAED5D /* RestaurantTonightiPhoneApp.app */;
			productType = "com.apple.product-type.application";
		};
		3A2DB27819CD7A5800BAED5D /* RestaurantTonightiPhoneAppTests */ = {
			isa = PBXNativeTarget;
			buildConfigurationList = 3A2DB28D19CD7A5800BAED5D /* Build configuration list for PBXNativeTarget "RestaurantTonightiPhoneAppTests" */;
			buildPhases = (
				3A2DB27519CD7A5800BAED5D /* Sources */,
				3A2DB27619CD7A5800BAED5D /* Frameworks */,
				3A2DB27719CD7A5800BAED5D /* Resources */,
			);
			buildRules = (
			);
			dependencies = (
				3A2DB27F19CD7A5800BAED5D /* PBXTargetDependency */,
			);
			name = RestaurantTonightiPhoneAppTests;
			productName = RestaurantTonightiPhoneAppTests;
			productReference = 3A2DB27919CD7A5800BAED5D /* RestaurantTonightiPhoneAppTests.xctest */;
			productType = "com.apple.product-type.bundle.unit-test";
		};
/* End PBXNativeTarget section */

/* Begin PBXProject section */
		3A2DB25019CD7A5800BAED5D /* Project object */ = {
			isa = PBXProject;
			attributes = {
				LastUpgradeCheck = 0510;
				ORGANIZATIONNAME = RestaurantTonight;
				TargetAttributes = {
					3A2DB25719CD7A5800BAED5D = {
						DevelopmentTeam = L46KGXR3H9;
					};
					3A2DB27819CD7A5800BAED5D = {
						TestTargetID = 3A2DB25719CD7A5800BAED5D;
					};
				};
			};
			buildConfigurationList = 3A2DB25319CD7A5800BAED5D /* Build configuration list for PBXProject "RestaurantTonightiPhoneApp" */;
			compatibilityVersion = "Xcode 3.2";
			developmentRegion = English;
			hasScannedForEncodings = 0;
			knownRegions = (
				en,
				Base,
			);
			mainGroup = 3A2DB24F19CD7A5800BAED5D;
			productRefGroup = 3A2DB25919CD7A5800BAED5D /* Products */;
			projectDirPath = "";
			projectRoot = "";
			targets = (
				3A2DB25719CD7A5800BAED5D /* RestaurantTonightiPhoneApp */,
				3A2DB27819CD7A5800BAED5D /* RestaurantTonightiPhoneAppTests */,
			);
		};
/* End PBXProject section */

/* Begin PBXResourcesBuildPhase section */
		3A2DB25619CD7A5800BAED5D /* Resources */ = {
			isa = PBXResourcesBuildPhase;
			buildActionMask = 2147483647;
			files = (
				3A2DB27419CD7A5800BAED5D /* Images.xcassets in Resources */,
				3A2DB2B419CE3D2C00BAED5D /* ReservationsTableViewCell.xib in Resources */,
				3A2DB26619CD7A5800BAED5D /* InfoPlist.strings in Resources */,
				3A2DB26F19CD7A5800BAED5D /* Main.storyboard in Resources */,
				3A2DB29E19CDC78900BAED5D /* DealTableViewCell.xib in Resources */,
			);
			runOnlyForDeploymentPostprocessing = 0;
		};
		3A2DB27719CD7A5800BAED5D /* Resources */ = {
			isa = PBXResourcesBuildPhase;
			buildActionMask = 2147483647;
			files = (
				3A2DB28519CD7A5800BAED5D /* InfoPlist.strings in Resources */,
			);
			runOnlyForDeploymentPostprocessing = 0;
		};
/* End PBXResourcesBuildPhase section */

/* Begin PBXShellScriptBuildPhase section */
		4534EA1DB0D54024B007C853 /* Copy Pods Resources */ = {
			isa = PBXShellScriptBuildPhase;
			buildActionMask = 2147483647;
			files = (
			);
			inputPaths = (
			);
			name = "Copy Pods Resources";
			outputPaths = (
			);
			runOnlyForDeploymentPostprocessing = 0;
			shellPath = /bin/sh;
			shellScript = "\"${SRCROOT}/Pods/Pods-RestaurantTonightiPhoneApp-resources.sh\"\n";
			showEnvVarsInLog = 0;
		};
		8CA648EBB2FC4FE5A462F838 /* Check Pods Manifest.lock */ = {
			isa = PBXShellScriptBuildPhase;
			buildActionMask = 2147483647;
			files = (
			);
			inputPaths = (
			);
			name = "Check Pods Manifest.lock";
			outputPaths = (
			);
			runOnlyForDeploymentPostprocessing = 0;
			shellPath = /bin/sh;
			shellScript = "diff \"${PODS_ROOT}/../Podfile.lock\" \"${PODS_ROOT}/Manifest.lock\" > /dev/null\nif [[ $? != 0 ]] ; then\n    cat << EOM\nerror: The sandbox is not in sync with the Podfile.lock. Run 'pod install' or update your CocoaPods installation.\nEOM\n    exit 1\nfi\n";
			showEnvVarsInLog = 0;
		};
/* End PBXShellScriptBuildPhase section */

/* Begin PBXSourcesBuildPhase section */
		3A2DB25419CD7A5800BAED5D /* Sources */ = {
			isa = PBXSourcesBuildPhase;
			buildActionMask = 2147483647;
			files = (
				3A2DB2B719CE951D00BAED5D /* SideMenuViewController.m in Sources */,
				3A2DB27219CD7A5800BAED5D /* HomeViewController.m in Sources */,
				3A2DB29D19CDC78900BAED5D /* DealTableViewCell.m in Sources */,
				3A2DB2A119CDFE6700BAED5D /* SaveDetailsViewController.m in Sources */,
				3A2DB2B319CE3D2C00BAED5D /* ReservationsTableViewCell.m in Sources */,
				3A2DB2AC19CE3AA100BAED5D /* ReservationsViewController.m in Sources */,
				3A2DB26C19CD7A5800BAED5D /* AppDelegate.m in Sources */,
				3A2DB26819CD7A5800BAED5D /* main.m in Sources */,
				3A2DB29819CDB83B00BAED5D /* ItemListViewController.m in Sources */,
				3A2DB29219CD82A600BAED5D /* GoogleAutoCompleteViewController.m in Sources */,
			);
			runOnlyForDeploymentPostprocessing = 0;
		};
		3A2DB27519CD7A5800BAED5D /* Sources */ = {
			isa = PBXSourcesBuildPhase;
			buildActionMask = 2147483647;
			files = (
				3A2DB28719CD7A5800BAED5D /* RestaurantTonightiPhoneAppTests.m in Sources */,
			);
			runOnlyForDeploymentPostprocessing = 0;
		};
/* End PBXSourcesBuildPhase section */

/* Begin PBXTargetDependency section */
		3A2DB27F19CD7A5800BAED5D /* PBXTargetDependency */ = {
			isa = PBXTargetDependency;
			target = 3A2DB25719CD7A5800BAED5D /* RestaurantTonightiPhoneApp */;
			targetProxy = 3A2DB27E19CD7A5800BAED5D /* PBXContainerItemProxy */;
		};
/* End PBXTargetDependency section */

/* Begin PBXVariantGroup section */
		3A2DB26419CD7A5800BAED5D /* InfoPlist.strings */ = {
			isa = PBXVariantGroup;
			children = (
				3A2DB26519CD7A5800BAED5D /* en */,
			);
			name = InfoPlist.strings;
			sourceTree = "<group>";
		};
		3A2DB26D19CD7A5800BAED5D /* Main.storyboard */ = {
			isa = PBXVariantGroup;
			children = (
				3A2DB26E19CD7A5800BAED5D /* Base */,
			);
			name = Main.storyboard;
			sourceTree = "<group>";
		};
		3A2DB28319CD7A5800BAED5D /* InfoPlist.strings */ = {
			isa = PBXVariantGroup;
			children = (
				3A2DB28419CD7A5800BAED5D /* en */,
			);
			name = InfoPlist.strings;
			sourceTree = "<group>";
		};
/* End PBXVariantGroup section */

/* Begin XCBuildConfiguration section */
		3A2DB28819CD7A5800BAED5D /* Debug */ = {
			isa = XCBuildConfiguration;
			buildSettings = {
				ALWAYS_SEARCH_USER_PATHS = YES;
				CLANG_CXX_LANGUAGE_STANDARD = "gnu++0x";
				CLANG_CXX_LIBRARY = "libc++";
				CLANG_ENABLE_MODULES = YES;
				CLANG_ENABLE_OBJC_ARC = YES;
				CLANG_WARN_BOOL_CONVERSION = YES;
				CLANG_WARN_CONSTANT_CONVERSION = YES;
				CLANG_WARN_DIRECT_OBJC_ISA_USAGE = YES_ERROR;
				CLANG_WARN_EMPTY_BODY = YES;
				CLANG_WARN_ENUM_CONVERSION = YES;
				CLANG_WARN_INT_CONVERSION = YES;
				CLANG_WARN_OBJC_ROOT_CLASS = YES_ERROR;
				CLANG_WARN__DUPLICATE_METHOD_MATCH = YES;
				CODE_SIGN_IDENTITY = "iPhone Developer: Samyak Jain (F7AXZPDJ2U)";
				"CODE_SIGN_IDENTITY[sdk=iphoneos*]" = "iPhone Developer";
				COPY_PHASE_STRIP = NO;
				GCC_C_LANGUAGE_STANDARD = gnu99;
				GCC_DYNAMIC_NO_PIC = NO;
				GCC_OPTIMIZATION_LEVEL = 0;
				GCC_PREPROCESSOR_DEFINITIONS = (
					"DEBUG=1",
					"$(inherited)",
				);
				GCC_SYMBOLS_PRIVATE_EXTERN = NO;
				GCC_WARN_64_TO_32_BIT_CONVERSION = YES;
				GCC_WARN_ABOUT_RETURN_TYPE = YES_ERROR;
				GCC_WARN_UNDECLARED_SELECTOR = YES;
				GCC_WARN_UNINITIALIZED_AUTOS = YES_AGGRESSIVE;
				GCC_WARN_UNUSED_FUNCTION = YES;
				GCC_WARN_UNUSED_VARIABLE = YES;
				IPHONEOS_DEPLOYMENT_TARGET = 7.1;
				ONLY_ACTIVE_ARCH = YES;
				PROVISIONING_PROFILE = "7001352a-218d-4a58-8663-ec36d0af4c9c";
				SDKROOT = iphoneos;
			};
			name = Debug;
		};
		3A2DB28919CD7A5800BAED5D /* Release */ = {
			isa = XCBuildConfiguration;
			buildSettings = {
				ALWAYS_SEARCH_USER_PATHS = YES;
				CLANG_CXX_LANGUAGE_STANDARD = "gnu++0x";
				CLANG_CXX_LIBRARY = "libc++";
				CLANG_ENABLE_MODULES = YES;
				CLANG_ENABLE_OBJC_ARC = YES;
				CLANG_WARN_BOOL_CONVERSION = YES;
				CLANG_WARN_CONSTANT_CONVERSION = YES;
				CLANG_WARN_DIRECT_OBJC_ISA_USAGE = YES_ERROR;
				CLANG_WARN_EMPTY_BODY = YES;
				CLANG_WARN_ENUM_CONVERSION = YES;
				CLANG_WARN_INT_CONVERSION = YES;
				CLANG_WARN_OBJC_ROOT_CLASS = YES_ERROR;
				CLANG_WARN__DUPLICATE_METHOD_MATCH = YES;
				CODE_SIGN_IDENTITY = "iPhone Developer: Samyak Jain (F7AXZPDJ2U)";
				"CODE_SIGN_IDENTITY[sdk=iphoneos*]" = "iPhone Developer";
				COPY_PHASE_STRIP = YES;
				ENABLE_NS_ASSERTIONS = NO;
				GCC_C_LANGUAGE_STANDARD = gnu99;
				GCC_WARN_64_TO_32_BIT_CONVERSION = YES;
				GCC_WARN_ABOUT_RETURN_TYPE = YES_ERROR;
				GCC_WARN_UNDECLARED_SELECTOR = YES;
				GCC_WARN_UNINITIALIZED_AUTOS = YES_AGGRESSIVE;
				GCC_WARN_UNUSED_FUNCTION = YES;
				GCC_WARN_UNUSED_VARIABLE = YES;
				IPHONEOS_DEPLOYMENT_TARGET = 7.1;
				PROVISIONING_PROFILE = "7001352a-218d-4a58-8663-ec36d0af4c9c";
				SDKROOT = iphoneos;
				VALIDATE_PRODUCT = YES;
			};
			name = Release;
		};
		3A2DB28B19CD7A5800BAED5D /* Debug */ = {
			isa = XCBuildConfiguration;
			baseConfigurationReference = 7C0D79AD705B4236B6D59643 /* Pods-RestaurantTonightiPhoneApp.xcconfig */;
			buildSettings = {
				ASSETCATALOG_COMPILER_APPICON_NAME = AppIcon;
				ASSETCATALOG_COMPILER_LAUNCHIMAGE_NAME = LaunchImage;
				CODE_SIGN_IDENTITY = "iPhone Developer";
				"CODE_SIGN_IDENTITY[sdk=iphoneos*]" = "iPhone Developer";
				GCC_PRECOMPILE_PREFIX_HEADER = YES;
				GCC_PREFIX_HEADER = "RestaurantTonightiPhoneApp/RestaurantTonightiPhoneApp-Prefix.pch";
				INFOPLIST_FILE = "RestaurantTonightiPhoneApp/RestaurantTonightiPhoneApp-Info.plist";
				IPHONEOS_DEPLOYMENT_TARGET = 7.1;
				PRODUCT_NAME = "$(TARGET_NAME)";
				PROVISIONING_PROFILE = "";
				WRAPPER_EXTENSION = app;
			};
			name = Debug;
		};
		3A2DB28C19CD7A5800BAED5D /* Release */ = {
			isa = XCBuildConfiguration;
			baseConfigurationReference = 7C0D79AD705B4236B6D59643 /* Pods-RestaurantTonightiPhoneApp.xcconfig */;
			buildSettings = {
				ASSETCATALOG_COMPILER_APPICON_NAME = AppIcon;
				ASSETCATALOG_COMPILER_LAUNCHIMAGE_NAME = LaunchImage;
				CODE_SIGN_IDENTITY = "iPhone Developer";
				"CODE_SIGN_IDENTITY[sdk=iphoneos*]" = "iPhone Developer";
				GCC_PRECOMPILE_PREFIX_HEADER = YES;
				GCC_PREFIX_HEADER = "RestaurantTonightiPhoneApp/RestaurantTonightiPhoneApp-Prefix.pch";
				INFOPLIST_FILE = "RestaurantTonightiPhoneApp/RestaurantTonightiPhoneApp-Info.plist";
				IPHONEOS_DEPLOYMENT_TARGET = 7.1;
				PRODUCT_NAME = "$(TARGET_NAME)";
				PROVISIONING_PROFILE = "";
				WRAPPER_EXTENSION = app;
			};
			name = Release;
		};
		3A2DB28E19CD7A5800BAED5D /* Debug */ = {
			isa = XCBuildConfiguration;
			buildSettings = {
				BUNDLE_LOADER = "$(BUILT_PRODUCTS_DIR)/RestaurantTonightiPhoneApp.app/RestaurantTonightiPhoneApp";
				FRAMEWORK_SEARCH_PATHS = (
					"$(SDKROOT)/Developer/Library/Frameworks",
					"$(inherited)",
					"$(DEVELOPER_FRAMEWORKS_DIR)",
				);
				GCC_PRECOMPILE_PREFIX_HEADER = YES;
				GCC_PREFIX_HEADER = "RestaurantTonightiPhoneApp/RestaurantTonightiPhoneApp-Prefix.pch";
				GCC_PREPROCESSOR_DEFINITIONS = (
					"DEBUG=1",
					"$(inherited)",
				);
				INFOPLIST_FILE = "RestaurantTonightiPhoneAppTests/RestaurantTonightiPhoneAppTests-Info.plist";
				PRODUCT_NAME = "$(TARGET_NAME)";
				TEST_HOST = "$(BUNDLE_LOADER)";
				WRAPPER_EXTENSION = xctest;
			};
			name = Debug;
		};
		3A2DB28F19CD7A5800BAED5D /* Release */ = {
			isa = XCBuildConfiguration;
			buildSettings = {
				BUNDLE_LOADER = "$(BUILT_PRODUCTS_DIR)/RestaurantTonightiPhoneApp.app/RestaurantTonightiPhoneApp";
				FRAMEWORK_SEARCH_PATHS = (
					"$(SDKROOT)/Developer/Library/Frameworks",
					"$(inherited)",
					"$(DEVELOPER_FRAMEWORKS_DIR)",
				);
				GCC_PRECOMPILE_PREFIX_HEADER = YES;
				GCC_PREFIX_HEADER = "RestaurantTonightiPhoneApp/RestaurantTonightiPhoneApp-Prefix.pch";
				INFOPLIST_FILE = "RestaurantTonightiPhoneAppTests/RestaurantTonightiPhoneAppTests-Info.plist";
				PRODUCT_NAME = "$(TARGET_NAME)";
				TEST_HOST = "$(BUNDLE_LOADER)";
				WRAPPER_EXTENSION = xctest;
			};
			name = Release;
		};
/* End XCBuildConfiguration section */

/* Begin XCConfigurationList section */
		3A2DB25319CD7A5800BAED5D /* Build configuration list for PBXProject "RestaurantTonightiPhoneApp" */ = {
			isa = XCConfigurationList;
			buildConfigurations = (
				3A2DB28819CD7A5800BAED5D /* Debug */,
				3A2DB28919CD7A5800BAED5D /* Release */,
			);
			defaultConfigurationIsVisible = 0;
			defaultConfigurationName = Release;
		};
		3A2DB28A19CD7A5800BAED5D /* Build configuration list for PBXNativeTarget "RestaurantTonightiPhoneApp" */ = {
			isa = XCConfigurationList;
			buildConfigurations = (
				3A2DB28B19CD7A5800BAED5D /* Debug */,
				3A2DB28C19CD7A5800BAED5D /* Release */,
			);
			defaultConfigurationIsVisible = 0;
			defaultConfigurationName = Release;
		};
		3A2DB28D19CD7A5800BAED5D /* Build configuration list for PBXNativeTarget "RestaurantTonightiPhoneAppTests" */ = {
			isa = XCConfigurationList;
			buildConfigurations = (
				3A2DB28E19CD7A5800BAED5D /* Debug */,
				3A2DB28F19CD7A5800BAED5D /* Release */,
			);
			defaultConfigurationIsVisible = 0;
			defaultConfigurationName = Release;
		};
/* End XCConfigurationList section */
	};
	rootObject = 3A2DB25019CD7A5800BAED5D /* Project object */;
}
